
Microsoft Visual Studio Solution File, Format Version 12.00
Project("{FAE04EC0-301F-11D3-BF4B-00C04F79EFBC}") = "Ueberladen", "Ueberladen\Ueberladen.csproj", "{453F5CB3-C0F9-45C7-A6ED-19E3DA70421F}"
EndProject
Global
	GlobalSection(SolutionConfigurationPlatforms) = preSolution
		Debug|Any CPU = Debug|Any CPU
		Release|Any CPU = Release|Any CPU
	EndGlobalSection
	GlobalSection(ProjectConfigurationPlatforms) = postSolution
		{453F5CB3-C0F9-45C7-A6ED-19E3DA70421F}.Debug|Any CPU.ActiveCfg = Debug|Any CPU
		{453F5CB3-C0F9-45C7-A6ED-19E3DA70421F}.Debug|Any CPU.Build.0 = Debug|Any CPU
		{453F5CB3-C0F9-45C7-A6ED-19E3DA70421F}.Release|Any CPU.ActiveCfg = Release|Any CPU
		{453F5CB3-C0F9-45C7-A6ED-19E3DA70421F}.Release|Any CPU.Build.0 = Release|Any CPU
	EndGlobalSection
EndGlobal
